
Microsoft Visual Studio Solution File, Format Version 12.00
# Visual Studio Version 17
VisualStudioVersion = 17.1.32228.430
MinimumVisualStudioVersion = 10.0.40219.1
Project("{8BC9CEB8-8B4A-11D0-8D11-00A0C91BC942}") = "BaekJoon_2839 설탕 배달", "BaekJoon_2839 설탕 배달\BaekJoon_2839 설탕 배달.vcxproj", "{9E731851-EAB5-4E91-BC5C-D254A366D4CD}"
EndProject
Global
	GlobalSection(SolutionConfigurationPlatforms) = preSolution
		Debug|x64 = Debug|x64
		Debug|x86 = Debug|x86
		Release|x64 = Release|x64
		Release|x86 = Release|x86
	EndGlobalSection
	GlobalSection(ProjectConfigurationPlatforms) = postSolution
		{9E731851-EAB5-4E91-BC5C-D254A366D4CD}.Debug|x64.ActiveCfg = Debug|x64
		{9E731851-EAB5-4E91-BC5C-D254A366D4CD}.Debug|x64.Build.0 = Debug|x64
		{9E731851-EAB5-4E91-BC5C-D254A366D4CD}.Debug|x86.ActiveCfg = Debug|Win32
		{9E731851-EAB5-4E91-BC5C-D254A366D4CD}.Debug|x86.Build.0 = Debug|Win32
		{9E731851-EAB5-4E91-BC5C-D254A366D4CD}.Release|x64.ActiveCfg = Release|x64
		{9E731851-EAB5-4E91-BC5C-D254A366D4CD}.Release|x64.Build.0 = Release|x64
		{9E731851-EAB5-4E91-BC5C-D254A366D4CD}.Release|x86.ActiveCfg = Release|Win32
		{9E731851-EAB5-4E91-BC5C-D254A366D4CD}.Release|x86.Build.0 = Release|Win32
	EndGlobalSection
	GlobalSection(SolutionProperties) = preSolution
		HideSolutionNode = FALSE
	EndGlobalSection
	GlobalSection(ExtensibilityGlobals) = postSolution
		SolutionGuid = {2C5F2A0E-C78D-45FB-A671-116B389669D5}
	EndGlobalSection
EndGlobal
